
Microsoft Visual Studio Solution File, Format Version 12.00
# Visual Studio Version 17
VisualStudioVersion = 17.13.35931.197
MinimumVisualStudioVersion = 10.0.40219.1
Project("{2150E333-8FDC-42A3-9474-1A3956D46DE8}") = "Solution Items", "Solution Items", "{8EC462FD-D22E-90A8-E5CE-7E832BA40C5D}"
	ProjectSection(SolutionItems) = preProject
		README.md = README.md
	EndProjectSection
EndProject
Project("{FAE04EC0-301F-11D3-BF4B-00C04F79EFBC}") = "LanguageMcpClient", "Client\LanguageMcpClient.csproj", "{96C2503B-BBE2-3756-DA89-308DCB5B5B4F}"
EndProject
Project("{FAE04EC0-301F-11D3-BF4B-00C04F79EFBC}") = "LanguageMcpServer", "Server\LanguageMcpServer.csproj", "{76ECE765-2EC1-8FC1-7CF6-6FE7CE7FCF62}"
EndProject
Project("{FAE04EC0-301F-11D3-BF4B-00C04F79EFBC}") = "LanguageMcpServer.Test", "..\..\..\test\LanguageMcpServer.Test\LanguageMcpServer.Test.csproj", "{E9835451-597C-4BEE-A72A-731784B87B4C}"
EndProject
Global
	GlobalSection(SolutionConfigurationPlatforms) = preSolution
		Debug|Any CPU = Debug|Any CPU
		Release|Any CPU = Release|Any CPU
	EndGlobalSection
	GlobalSection(ProjectConfigurationPlatforms) = postSolution
		{96C2503B-BBE2-3756-DA89-308DCB5B5B4F}.Debug|Any CPU.ActiveCfg = Debug|Any CPU
		{96C2503B-BBE2-3756-DA89-308DCB5B5B4F}.Debug|Any CPU.Build.0 = Debug|Any CPU
		{96C2503B-BBE2-3756-DA89-308DCB5B5B4F}.Release|Any CPU.ActiveCfg = Release|Any CPU
		{96C2503B-BBE2-3756-DA89-308DCB5B5B4F}.Release|Any CPU.Build.0 = Release|Any CPU
		{76ECE765-2EC1-8FC1-7CF6-6FE7CE7FCF62}.Debug|Any CPU.ActiveCfg = Debug|Any CPU
		{76ECE765-2EC1-8FC1-7CF6-6FE7CE7FCF62}.Debug|Any CPU.Build.0 = Debug|Any CPU
		{76ECE765-2EC1-8FC1-7CF6-6FE7CE7FCF62}.Release|Any CPU.ActiveCfg = Release|Any CPU
		{76ECE765-2EC1-8FC1-7CF6-6FE7CE7FCF62}.Release|Any CPU.Build.0 = Release|Any CPU
		{E9835451-597C-4BEE-A72A-731784B87B4C}.Debug|Any CPU.ActiveCfg = Debug|Any CPU
		{E9835451-597C-4BEE-A72A-731784B87B4C}.Debug|Any CPU.Build.0 = Debug|Any CPU
		{E9835451-597C-4BEE-A72A-731784B87B4C}.Release|Any CPU.ActiveCfg = Release|Any CPU
		{E9835451-597C-4BEE-A72A-731784B87B4C}.Release|Any CPU.Build.0 = Release|Any CPU
	EndGlobalSection
	GlobalSection(SolutionProperties) = preSolution
		HideSolutionNode = FALSE
	EndGlobalSection
	GlobalSection(ExtensibilityGlobals) = postSolution
		SolutionGuid = {9CF61214-8CD1-47AF-B785-BA43F856ED60}
	EndGlobalSection
EndGlobal
